
Microsoft Visual Studio Solution File, Format Version 12.00
# Visual Studio Version 16
VisualStudioVersion = 16.0.32802.440
MinimumVisualStudioVersion = 10.0.40219.1
Project("{FAE04EC0-301F-11D3-BF4B-00C04F79EFBC}") = "LarCasinha", "LarCasinha\LarCasinha.csproj", "{28EBB673-2E8A-4574-9D37-943F04C47686}"
EndProject
Global
	GlobalSection(SolutionConfigurationPlatforms) = preSolution
		Debug|Any CPU = Debug|Any CPU
		Release|Any CPU = Release|Any CPU
	EndGlobalSection
	GlobalSection(ProjectConfigurationPlatforms) = postSolution
		{28EBB673-2E8A-4574-9D37-943F04C47686}.Debug|Any CPU.ActiveCfg = Debug|Any CPU
		{28EBB673-2E8A-4574-9D37-943F04C47686}.Debug|Any CPU.Build.0 = Debug|Any CPU
		{28EBB673-2E8A-4574-9D37-943F04C47686}.Release|Any CPU.ActiveCfg = Release|Any CPU
		{28EBB673-2E8A-4574-9D37-943F04C47686}.Release|Any CPU.Build.0 = Release|Any CPU
	EndGlobalSection
	GlobalSection(SolutionProperties) = preSolution
		HideSolutionNode = FALSE
	EndGlobalSection
	GlobalSection(ExtensibilityGlobals) = postSolution
		SolutionGuid = {69A549D0-1592-4DAD-856B-EA476A8A27DC}
	EndGlobalSection
EndGlobal
